
Microsoft Visual Studio Solution File, Format Version 12.00
# Visual Studio Version 16
VisualStudioVersion = 16.0.28902.138
MinimumVisualStudioVersion = 10.0.40219.1
Project("{FAE04EC0-301F-11D3-BF4B-00C04F79EFBC}") = "Test3Final", "Test3Final\Test3Final.csproj", "{2B9CB2A7-6D24-4219-BBDC-EDA493BE945B}"
EndProject
Global
	GlobalSection(SolutionConfigurationPlatforms) = preSolution
		Debug|Any CPU = Debug|Any CPU
		Release|Any CPU = Release|Any CPU
	EndGlobalSection
	GlobalSection(ProjectConfigurationPlatforms) = postSolution
		{2B9CB2A7-6D24-4219-BBDC-EDA493BE945B}.Debug|Any CPU.ActiveCfg = Debug|Any CPU
		{2B9CB2A7-6D24-4219-BBDC-EDA493BE945B}.Debug|Any CPU.Build.0 = Debug|Any CPU
		{2B9CB2A7-6D24-4219-BBDC-EDA493BE945B}.Release|Any CPU.ActiveCfg = Release|Any CPU
		{2B9CB2A7-6D24-4219-BBDC-EDA493BE945B}.Release|Any CPU.Build.0 = Release|Any CPU
	EndGlobalSection
	GlobalSection(SolutionProperties) = preSolution
		HideSolutionNode = FALSE
	EndGlobalSection
	GlobalSection(ExtensibilityGlobals) = postSolution
		SolutionGuid = {4AFF51F0-CC24-46DD-BFBB-E8D9B55D8B22}
	EndGlobalSection
EndGlobal
